<?xml version="1.0" encoding="utf-8"?>
<Project ToolsVersion="4.0" xmlns="http://schemas.microsoft.com/developer/msbuild/2003">
  <ItemGroup>
    <Filter Include="UserConfig">
      <UniqueIdentifier>{5aefc082-9d32-4c23-89af-61069978fe9e}</UniqueIdentifier>
    </Filter>
  </ItemGroup>
  <ItemGroup>
    <ClCompile Include="UserConfig\UserConfig.cpp">
      <Filter>UserConfig</Filter>
    </ClCompile>
    <ClCompile Include="..\include\stdafx.cpp" />
    <ClCompile Include="svr_client.cpp" />
  </ItemGroup>
  <ItemGroup>
    <ClInclude Include="UserConfig\UserConfig.h">
      <Filter>UserConfig</Filter>
    </ClInclude>
  </ItemGroup>
</Project>