<?xml version="1.0" encoding="utf-8"?>
<Project ToolsVersion="4.0" xmlns="http://schemas.microsoft.com/developer/msbuild/2003">
  <ItemGroup>
    <Filter Include="源文件">
      <UniqueIdentifier>{4FC737F1-C7A5-4376-A066-2A32D752A2FF}</UniqueIdentifier>
      <Extensions>cpp;c;cc;cxx;def;odl;idl;hpj;bat;asm;asmx</Extensions>
    </Filter>
    <Filter Include="头文件">
      <UniqueIdentifier>{93995380-89BD-4b04-88EB-625FBE52EBFB}</UniqueIdentifier>
      <Extensions>h;hh;hpp;hxx;hm;inl;inc;xsd</Extensions>
    </Filter>
    <Filter Include="UserConfig">
      <UniqueIdentifier>{5aefc082-9d32-4c23-89af-61069978fe9e}</UniqueIdentifier>
    </Filter>
    <Filter Include="msg">
      <UniqueIdentifier>{d8c35747-e7cd-4df5-b7cb-bd2aed5a249c}</UniqueIdentifier>
    </Filter>
  </ItemGroup>
  <ItemGroup>
    <ClCompile Include="main.cpp">
      <Filter>源文件</Filter>
    </ClCompile>
    <ClCompile Include="..\include\stdafx.cpp">
      <Filter>源文件</Filter>
    </ClCompile>
    <ClCompile Include="UserConfig\UserConfig.cpp">
      <Filter>UserConfig</Filter>
    </ClCompile>
  </ItemGroup>
  <ItemGroup>
    <ClInclude Include="UserConfig\UserConfig.h">
      <Filter>UserConfig</Filter>
    </ClInclude>
    <ClInclude Include="..\msg\MsgEnum.h">
      <Filter>msg</Filter>
    </ClInclude>
    <ClInclude Include="..\msg\TestMsg.h">
      <Filter>msg</Filter>
    </ClInclude>
  </ItemGroup>
</Project>