<?xml version="1.0" encoding="utf-8"?>
<Project ToolsVersion="4.0" xmlns="http://schemas.microsoft.com/developer/msbuild/2003">
  <ItemGroup>
    <ClCompile Include="..\include\stdafx.cpp" />
    <ClCompile Include="svr_game.cpp" />
    <ClCompile Include="Reward\reward.cpp">
      <Filter>Reward</Filter>
    </ClCompile>
    <ClCompile Include="Trigger\trigger.cpp">
      <Filter>Trigger</Filter>
    </ClCompile>
  </ItemGroup>
  <ItemGroup>
    <Filter Include="Trigger">
      <UniqueIdentifier>{16b1c3fa-c92c-4a8d-a74a-e88e0e40e916}</UniqueIdentifier>
    </Filter>
    <Filter Include="Reward">
      <UniqueIdentifier>{cd2d7797-65a7-4d44-8d5b-7f7e3035971f}</UniqueIdentifier>
    </Filter>
  </ItemGroup>
  <ItemGroup>
    <ClInclude Include="Reward\reward.h">
      <Filter>Reward</Filter>
    </ClInclude>
    <ClInclude Include="Trigger\trigger.h">
      <Filter>Trigger</Filter>
    </ClInclude>
  </ItemGroup>
</Project>