<?xml version="1.0" encoding="utf-8"?>
<Project ToolsVersion="4.0" xmlns="http://schemas.microsoft.com/developer/msbuild/2003">
  <ItemGroup>
    <Filter Include="tool">
      <UniqueIdentifier>{6213619d-8890-4c50-ba2e-2d4eb17d753d}</UniqueIdentifier>
    </Filter>
    <Filter Include="include">
      <UniqueIdentifier>{c808072d-782d-4aa9-8cbd-2a720eaf1f1b}</UniqueIdentifier>
    </Filter>
    <Filter Include="Log">
      <UniqueIdentifier>{689b871f-3d46-4f61-832e-cc9b1950146c}</UniqueIdentifier>
    </Filter>
    <Filter Include="Service">
      <UniqueIdentifier>{3d5e8f7c-8d29-408d-9e64-8f67243b06d7}</UniqueIdentifier>
    </Filter>
    <Filter Include="Timer">
      <UniqueIdentifier>{844a4f86-48ae-4678-8698-2009f47e6ebb}</UniqueIdentifier>
    </Filter>
    <Filter Include="Rand">
      <UniqueIdentifier>{db5711a7-1adc-4da6-90c1-50d8ea21dac2}</UniqueIdentifier>
    </Filter>
    <Filter Include="Rank">
      <UniqueIdentifier>{a6778e58-571e-4481-b7c8-9c5d49b3020c}</UniqueIdentifier>
    </Filter>
    <Filter Include="Buffer">
      <UniqueIdentifier>{8c68f065-a506-4b7d-b000-a37422bddc25}</UniqueIdentifier>
    </Filter>
    <Filter Include="Csv">
      <UniqueIdentifier>{44527399-bd59-4789-9878-c159169aa80f}</UniqueIdentifier>
    </Filter>
    <Filter Include="Lua">
      <UniqueIdentifier>{3fc82617-f9db-4627-93c2-d5c3d38845ec}</UniqueIdentifier>
    </Filter>
  </ItemGroup>
  <ItemGroup>
    <ClInclude Include="tool\cLock.h">
      <Filter>tool</Filter>
    </ClInclude>
    <ClInclude Include="tool\Mempool.h">
      <Filter>tool</Filter>
    </ClInclude>
    <ClInclude Include="tool\SafeQueue.h">
      <Filter>tool</Filter>
    </ClInclude>
    <ClInclude Include="tool\thread.h">
      <Filter>tool</Filter>
    </ClInclude>
    <ClInclude Include="..\include\public.h">
      <Filter>include</Filter>
    </ClInclude>
    <ClInclude Include="..\include\stdafx.h">
      <Filter>include</Filter>
    </ClInclude>
    <ClInclude Include="tool\DebugFile.h">
      <Filter>tool</Filter>
    </ClInclude>
    <ClInclude Include="tool\delegate.h">
      <Filter>tool</Filter>
    </ClInclude>
    <ClInclude Include="tool\Floyd.h">
      <Filter>tool</Filter>
    </ClInclude>
    <ClInclude Include="tool\GameApi.h">
      <Filter>tool</Filter>
    </ClInclude>
    <ClInclude Include="tool\global.h">
      <Filter>tool</Filter>
    </ClInclude>
    <ClInclude Include="tool\mkdir.h">
      <Filter>tool</Filter>
    </ClInclude>
    <ClInclude Include="tool\noncopyable.h">
      <Filter>tool</Filter>
    </ClInclude>
    <ClInclude Include="tool\ScopeGuard.h">
      <Filter>tool</Filter>
    </ClInclude>
    <ClInclude Include="tool\UnionID.h">
      <Filter>tool</Filter>
    </ClInclude>
    <ClInclude Include="tool\UnitTest.h">
      <Filter>tool</Filter>
    </ClInclude>
    <ClInclude Include="Log\AsyncLog.h">
      <Filter>Log</Filter>
    </ClInclude>
    <ClInclude Include="Log\LogFile.h">
      <Filter>Log</Filter>
    </ClInclude>
    <ClInclude Include="Timer\TimerWheel.h">
      <Filter>Timer</Filter>
    </ClInclude>
    <ClInclude Include="Service\Service.h">
      <Filter>Service</Filter>
    </ClInclude>
    <ClInclude Include="Service\ServiceMgr.h">
      <Filter>Service</Filter>
    </ClInclude>
    <ClInclude Include="Rand\rand.h">
      <Filter>Rand</Filter>
    </ClInclude>
    <ClInclude Include="Rand\RandWeight.h">
      <Filter>Rand</Filter>
    </ClInclude>
    <ClInclude Include="Rank\rank.h">
      <Filter>Rank</Filter>
    </ClInclude>
    <ClInclude Include="Buffer\buffer.h">
      <Filter>Buffer</Filter>
    </ClInclude>
    <ClInclude Include="Buffer\bytebuffer.h">
      <Filter>Buffer</Filter>
    </ClInclude>
    <ClInclude Include="Buffer\NetPack.h">
      <Filter>Buffer</Filter>
    </ClInclude>
    <ClInclude Include="Buffer\DataSend.h">
      <Filter>Buffer</Filter>
    </ClInclude>
    <ClInclude Include="Csv\CSVparser.hpp">
      <Filter>Csv</Filter>
    </ClInclude>
    <ClInclude Include="Lua\LuaCall.h">
      <Filter>Lua</Filter>
    </ClInclude>
    <ClInclude Include="Lua\tolua.h">
      <Filter>Lua</Filter>
    </ClInclude>
    <ClInclude Include="tool\Input.h">
      <Filter>tool</Filter>
    </ClInclude>
    <ClInclude Include="Buffer\DataDiff.h">
      <Filter>Buffer</Filter>
    </ClInclude>
    <ClInclude Include="Log\RuntimeCast.h">
      <Filter>Log</Filter>
    </ClInclude>
    <ClInclude Include="tool\compress.h">
      <Filter>tool</Filter>
    </ClInclude>
  </ItemGroup>
  <ItemGroup>
    <ClCompile Include="..\include\stdafx.cpp">
      <Filter>include</Filter>
    </ClCompile>
    <ClCompile Include="tool\DebugFile.cpp">
      <Filter>tool</Filter>
    </ClCompile>
    <ClCompile Include="tool\GameApi.cpp">
      <Filter>tool</Filter>
    </ClCompile>
    <ClCompile Include="tool\UnitTest.cpp">
      <Filter>tool</Filter>
    </ClCompile>
    <ClCompile Include="Log\AsyncLog.cpp">
      <Filter>Log</Filter>
    </ClCompile>
    <ClCompile Include="Log\LogFile.cpp">
      <Filter>Log</Filter>
    </ClCompile>
    <ClCompile Include="Timer\TimerWheel.cpp">
      <Filter>Timer</Filter>
    </ClCompile>
    <ClCompile Include="Service\ServiceMgr.cpp">
      <Filter>Service</Filter>
    </ClCompile>
    <ClCompile Include="Rand\rand.cpp">
      <Filter>Rand</Filter>
    </ClCompile>
    <ClCompile Include="Buffer\DataSend.cpp">
      <Filter>Buffer</Filter>
    </ClCompile>
    <ClCompile Include="Csv\CSVparser.cpp">
      <Filter>Csv</Filter>
    </ClCompile>
    <ClCompile Include="Lua\LuaCall.cpp">
      <Filter>Lua</Filter>
    </ClCompile>
    <ClCompile Include="tool\Input.cpp">
      <Filter>tool</Filter>
    </ClCompile>
    <ClCompile Include="Buffer\DataDiff.cpp">
      <Filter>Buffer</Filter>
    </ClCompile>
    <ClCompile Include="Log\RuntimeCast.cpp">
      <Filter>Log</Filter>
    </ClCompile>
    <ClCompile Include="tool\compress.cpp">
      <Filter>tool</Filter>
    </ClCompile>
  </ItemGroup>
</Project>