<?xml version="1.0" encoding="utf-8"?>
<Project ToolsVersion="4.0" xmlns="http://schemas.microsoft.com/developer/msbuild/2003">
  <ItemGroup>
    <Filter Include="iocp">
      <UniqueIdentifier>{bcf719eb-87ce-41b6-af4f-ae32067f7929}</UniqueIdentifier>
    </Filter>
    <Filter Include="raknet">
      <UniqueIdentifier>{b5196b1b-70e6-4bfd-9499-44406806316e}</UniqueIdentifier>
    </Filter>
    <Filter Include="handy">
      <UniqueIdentifier>{6a380a1c-c03e-412b-93ca-c21df0a74d14}</UniqueIdentifier>
    </Filter>
    <Filter Include="iocp\client">
      <UniqueIdentifier>{cff348f6-78df-411a-8663-69372234183b}</UniqueIdentifier>
    </Filter>
    <Filter Include="iocp\server">
      <UniqueIdentifier>{b654ce14-73c1-4200-bc12-448a2fe21bba}</UniqueIdentifier>
    </Filter>
    <Filter Include="raknet\client">
      <UniqueIdentifier>{68ff6144-86b6-4acf-9f94-f6c212415555}</UniqueIdentifier>
    </Filter>
    <Filter Include="raknet\server">
      <UniqueIdentifier>{a6b4c143-1863-4094-9553-f5b01bfafe98}</UniqueIdentifier>
    </Filter>
    <Filter Include="libevent">
      <UniqueIdentifier>{30cc53c3-7333-48bc-ae66-d8f05bd48c12}</UniqueIdentifier>
    </Filter>
    <Filter Include="libevent\client">
      <UniqueIdentifier>{6f496d54-5ff1-4e27-8bfb-51fdcd870112}</UniqueIdentifier>
    </Filter>
    <Filter Include="libevent\server">
      <UniqueIdentifier>{e82d9983-87b8-4866-bc72-c14704329555}</UniqueIdentifier>
    </Filter>
    <Filter Include="libuv">
      <UniqueIdentifier>{e142a67c-dace-4179-b6df-34e2e0f66fbb}</UniqueIdentifier>
    </Filter>
    <Filter Include="libuv\client">
      <UniqueIdentifier>{acc7b1cc-d6b4-43ef-b1f6-f2c7a04251a0}</UniqueIdentifier>
    </Filter>
    <Filter Include="libuv\server">
      <UniqueIdentifier>{caaac128-ae22-4e66-b3b9-0f2fb8f71fee}</UniqueIdentifier>
    </Filter>
  </ItemGroup>
  <ItemGroup>
    <ClCompile Include="..\include\stdafx.cpp" />
    <ClCompile Include="iocp\client\ClientLink.cpp">
      <Filter>iocp\client</Filter>
    </ClCompile>
    <ClCompile Include="iocp\server\ServLink.cpp">
      <Filter>iocp\server</Filter>
    </ClCompile>
    <ClCompile Include="iocp\server\ServLinkMgr.cpp">
      <Filter>iocp\server</Filter>
    </ClCompile>
    <ClCompile Include="raknet\client\UdpClient.cpp">
      <Filter>raknet\client</Filter>
    </ClCompile>
    <ClCompile Include="raknet\server\UdpClientAgent.cpp">
      <Filter>raknet\server</Filter>
    </ClCompile>
    <ClCompile Include="raknet\server\UdpServer.cpp">
      <Filter>raknet\server</Filter>
    </ClCompile>
    <ClCompile Include="config_net.cpp" />
    <ClCompile Include="libevent\client\TcpClient.cpp">
      <Filter>libevent\client</Filter>
    </ClCompile>
    <ClCompile Include="libuv\server\TcpClientAgent.cpp">
      <Filter>libuv\server</Filter>
    </ClCompile>
    <ClCompile Include="libuv\server\TcpServer.cpp">
      <Filter>libuv\server</Filter>
    </ClCompile>
  </ItemGroup>
  <ItemGroup>
    <ClInclude Include="config_net.h" />
    <ClInclude Include="iocp\client\ClientLink.h">
      <Filter>iocp\client</Filter>
    </ClInclude>
    <ClInclude Include="iocp\server\ServLink.h">
      <Filter>iocp\server</Filter>
    </ClInclude>
    <ClInclude Include="iocp\server\ServLinkMgr.h">
      <Filter>iocp\server</Filter>
    </ClInclude>
    <ClInclude Include="raknet\client\UdpClient.h">
      <Filter>raknet\client</Filter>
    </ClInclude>
    <ClInclude Include="raknet\server\UdpClientAgent.h">
      <Filter>raknet\server</Filter>
    </ClInclude>
    <ClInclude Include="raknet\server\UdpServer.h">
      <Filter>raknet\server</Filter>
    </ClInclude>
    <ClInclude Include="libevent\client\TcpClient.h">
      <Filter>libevent\client</Filter>
    </ClInclude>
    <ClInclude Include="libuv\server\TcpServer.h">
      <Filter>libuv\server</Filter>
    </ClInclude>
    <ClInclude Include="libuv\server\TcpClientAgent.h">
      <Filter>libuv\server</Filter>
    </ClInclude>
  </ItemGroup>
</Project>